
Microsoft Visual Studio Solution File, Format Version 12.00
# Visual Studio Version 17
VisualStudioVersion = 17.5.33424.131
MinimumVisualStudioVersion = 10.0.40219.1
Project("{FAE04EC0-301F-11D3-BF4B-00C04F79EFBC}") = "PhanMenBanMayTinh", "PhanMenBanMayTinh\PhanMenBanMayTinh.csproj", "{DE23A4CD-0CB7-4B0C-81A5-794D444E3791}"
EndProject
Global
	GlobalSection(SolutionConfigurationPlatforms) = preSolution
		Debug|Any CPU = Debug|Any CPU
		Release|Any CPU = Release|Any CPU
	EndGlobalSection
	GlobalSection(ProjectConfigurationPlatforms) = postSolution
		{DE23A4CD-0CB7-4B0C-81A5-794D444E3791}.Debug|Any CPU.ActiveCfg = Debug|Any CPU
		{DE23A4CD-0CB7-4B0C-81A5-794D444E3791}.Debug|Any CPU.Build.0 = Debug|Any CPU
		{DE23A4CD-0CB7-4B0C-81A5-794D444E3791}.Release|Any CPU.ActiveCfg = Release|Any CPU
		{DE23A4CD-0CB7-4B0C-81A5-794D444E3791}.Release|Any CPU.Build.0 = Release|Any CPU
	EndGlobalSection
	GlobalSection(SolutionProperties) = preSolution
		HideSolutionNode = FALSE
	EndGlobalSection
	GlobalSection(ExtensibilityGlobals) = postSolution
		SolutionGuid = {5CA94E48-7BD6-4969-AFF3-C44A014978FE}
	EndGlobalSection
EndGlobal
